
Microsoft Visual Studio Solution File, Format Version 12.00
# Visual Studio Version 17
VisualStudioVersion = 17.4.33103.184
MinimumVisualStudioVersion = 10.0.40219.1
Project("{FAE04EC0-301F-11D3-BF4B-00C04F79EFBC}") = "API", "API\API.csproj", "{693ACA49-3851-45A0-8128-66F8BD910E39}"
EndProject
Project("{FAE04EC0-301F-11D3-BF4B-00C04F79EFBC}") = "BL", "BL\BL.csproj", "{599D733D-1698-45C3-8980-F6BDD3BFF46D}"
EndProject
Project("{FAE04EC0-301F-11D3-BF4B-00C04F79EFBC}") = "DL", "DL\DL.csproj", "{369AF268-CBB1-4095-8EAC-F14E29DEAA1F}"
EndProject
Project("{FAE04EC0-301F-11D3-BF4B-00C04F79EFBC}") = "Model", "Model\Model.csproj", "{BB820B94-4499-461B-ACF2-D77A7CFF81AE}"
EndProject
Project("{FAE04EC0-301F-11D3-BF4B-00C04F79EFBC}") = "Presentation", "Presentation\Presentation.csproj", "{0D2743CE-0475-4585-AAC2-F206C19E8D8D}"
EndProject
Global
	GlobalSection(SolutionConfigurationPlatforms) = preSolution
		Debug|Any CPU = Debug|Any CPU
		Release|Any CPU = Release|Any CPU
	EndGlobalSection
	GlobalSection(ProjectConfigurationPlatforms) = postSolution
		{693ACA49-3851-45A0-8128-66F8BD910E39}.Debug|Any CPU.ActiveCfg = Debug|Any CPU
		{693ACA49-3851-45A0-8128-66F8BD910E39}.Debug|Any CPU.Build.0 = Debug|Any CPU
		{693ACA49-3851-45A0-8128-66F8BD910E39}.Release|Any CPU.ActiveCfg = Release|Any CPU
		{693ACA49-3851-45A0-8128-66F8BD910E39}.Release|Any CPU.Build.0 = Release|Any CPU
		{599D733D-1698-45C3-8980-F6BDD3BFF46D}.Debug|Any CPU.ActiveCfg = Debug|Any CPU
		{599D733D-1698-45C3-8980-F6BDD3BFF46D}.Debug|Any CPU.Build.0 = Debug|Any CPU
		{599D733D-1698-45C3-8980-F6BDD3BFF46D}.Release|Any CPU.ActiveCfg = Release|Any CPU
		{599D733D-1698-45C3-8980-F6BDD3BFF46D}.Release|Any CPU.Build.0 = Release|Any CPU
		{369AF268-CBB1-4095-8EAC-F14E29DEAA1F}.Debug|Any CPU.ActiveCfg = Debug|Any CPU
		{369AF268-CBB1-4095-8EAC-F14E29DEAA1F}.Debug|Any CPU.Build.0 = Debug|Any CPU
		{369AF268-CBB1-4095-8EAC-F14E29DEAA1F}.Release|Any CPU.ActiveCfg = Release|Any CPU
		{369AF268-CBB1-4095-8EAC-F14E29DEAA1F}.Release|Any CPU.Build.0 = Release|Any CPU
		{BB820B94-4499-461B-ACF2-D77A7CFF81AE}.Debug|Any CPU.ActiveCfg = Debug|Any CPU
		{BB820B94-4499-461B-ACF2-D77A7CFF81AE}.Debug|Any CPU.Build.0 = Debug|Any CPU
		{BB820B94-4499-461B-ACF2-D77A7CFF81AE}.Release|Any CPU.ActiveCfg = Release|Any CPU
		{BB820B94-4499-461B-ACF2-D77A7CFF81AE}.Release|Any CPU.Build.0 = Release|Any CPU
		{0D2743CE-0475-4585-AAC2-F206C19E8D8D}.Debug|Any CPU.ActiveCfg = Debug|Any CPU
		{0D2743CE-0475-4585-AAC2-F206C19E8D8D}.Debug|Any CPU.Build.0 = Debug|Any CPU
		{0D2743CE-0475-4585-AAC2-F206C19E8D8D}.Release|Any CPU.ActiveCfg = Release|Any CPU
		{0D2743CE-0475-4585-AAC2-F206C19E8D8D}.Release|Any CPU.Build.0 = Release|Any CPU
	EndGlobalSection
	GlobalSection(SolutionProperties) = preSolution
		HideSolutionNode = FALSE
	EndGlobalSection
	GlobalSection(ExtensibilityGlobals) = postSolution
		SolutionGuid = {47C6F129-B5E9-4D22-A99B-CB779004FDB4}
	EndGlobalSection
EndGlobal
